
Microsoft Visual Studio Solution File, Format Version 12.00
# Visual Studio 15
VisualStudioVersion = 15.0.27130.2020
MinimumVisualStudioVersion = 10.0.40219.1
Project("{8BC9CEB8-8B4A-11D0-8D11-00A0C91BC942}") = "SteganAssist", "SteganAssist\SteganAssist.vcxproj", "{21D3E8E3-CF4A-4E2D-BA01-4430171B13EF}"
EndProject
Global
	GlobalSection(SolutionConfigurationPlatforms) = preSolution
		Debug|x64 = Debug|x64
		Debug|x86 = Debug|x86
		Release|x64 = Release|x64
		Release|x86 = Release|x86
	EndGlobalSection
	GlobalSection(ProjectConfigurationPlatforms) = postSolution
		{21D3E8E3-CF4A-4E2D-BA01-4430171B13EF}.Debug|x64.ActiveCfg = Debug|x64
		{21D3E8E3-CF4A-4E2D-BA01-4430171B13EF}.Debug|x64.Build.0 = Debug|x64
		{21D3E8E3-CF4A-4E2D-BA01-4430171B13EF}.Debug|x86.ActiveCfg = Debug|Win32
		{21D3E8E3-CF4A-4E2D-BA01-4430171B13EF}.Debug|x86.Build.0 = Debug|Win32
		{21D3E8E3-CF4A-4E2D-BA01-4430171B13EF}.Release|x64.ActiveCfg = Release|x64
		{21D3E8E3-CF4A-4E2D-BA01-4430171B13EF}.Release|x64.Build.0 = Release|x64
		{21D3E8E3-CF4A-4E2D-BA01-4430171B13EF}.Release|x86.ActiveCfg = Release|Win32
		{21D3E8E3-CF4A-4E2D-BA01-4430171B13EF}.Release|x86.Build.0 = Release|Win32
	EndGlobalSection
	GlobalSection(SolutionProperties) = preSolution
		HideSolutionNode = FALSE
	EndGlobalSection
	GlobalSection(ExtensibilityGlobals) = postSolution
		SolutionGuid = {6ADD8572-4B11-4AF5-B865-C66A4BA26842}
	EndGlobalSection
EndGlobal
